
Microsoft Visual Studio Solution File, Format Version 12.00
# Visual Studio 15
VisualStudioVersion = 15.0.28307.329
MinimumVisualStudioVersion = 10.0.40219.1
Project("{159641D6-6404-4A2A-AE62-294DE0FE8301}") = "AnimalShelter_Data_Load", "AnimalShelter_Data_Load\AnimalShelter_Data_Load.dtproj", "{96138A47-74FF-48D3-BE5C-1E17E7E827E3}"
EndProject
Global
	GlobalSection(SolutionConfigurationPlatforms) = preSolution
		Development|Default = Development|Default
	EndGlobalSection
	GlobalSection(ProjectConfigurationPlatforms) = postSolution
		{96138A47-74FF-48D3-BE5C-1E17E7E827E3}.Development|Default.ActiveCfg = Development
		{96138A47-74FF-48D3-BE5C-1E17E7E827E3}.Development|Default.Build.0 = Development
	EndGlobalSection
	GlobalSection(SolutionProperties) = preSolution
		HideSolutionNode = FALSE
	EndGlobalSection
	GlobalSection(ExtensibilityGlobals) = postSolution
		SolutionGuid = {82F4F281-212D-4BAD-ADDA-4D8F42FF7210}
	EndGlobalSection
EndGlobal
